
Microsoft Visual Studio Solution File, Format Version 12.00
# Visual Studio Version 17
VisualStudioVersion = 17.2.32526.322
MinimumVisualStudioVersion = 10.0.40219.1
Project("{FAE04EC0-301F-11D3-BF4B-00C04F79EFBC}") = "LogicielNettoyagePC", "LogicielNettoyagePC\LogicielNettoyagePC.csproj", "{BCB18FFD-8DCB-4AB1-BC28-E23BC4F0C3BA}"
EndProject
Global
	GlobalSection(SolutionConfigurationPlatforms) = preSolution
		Debug|Any CPU = Debug|Any CPU
		Release|Any CPU = Release|Any CPU
	EndGlobalSection
	GlobalSection(ProjectConfigurationPlatforms) = postSolution
		{BCB18FFD-8DCB-4AB1-BC28-E23BC4F0C3BA}.Debug|Any CPU.ActiveCfg = Debug|Any CPU
		{BCB18FFD-8DCB-4AB1-BC28-E23BC4F0C3BA}.Debug|Any CPU.Build.0 = Debug|Any CPU
		{BCB18FFD-8DCB-4AB1-BC28-E23BC4F0C3BA}.Release|Any CPU.ActiveCfg = Release|Any CPU
		{BCB18FFD-8DCB-4AB1-BC28-E23BC4F0C3BA}.Release|Any CPU.Build.0 = Release|Any CPU
	EndGlobalSection
	GlobalSection(SolutionProperties) = preSolution
		HideSolutionNode = FALSE
	EndGlobalSection
	GlobalSection(ExtensibilityGlobals) = postSolution
		SolutionGuid = {85BED69F-5063-4F19-A2B2-CBBE349006C5}
	EndGlobalSection
EndGlobal
